
Microsoft Visual Studio Solution File, Format Version 12.00
# Visual Studio Version 17
VisualStudioVersion = 17.1.32328.378
MinimumVisualStudioVersion = 10.0.40219.1
Project("{FAE04EC0-301F-11D3-BF4B-00C04F79EFBC}") = "AULA8A", "AULA8A.csproj", "{AE0F8541-AC67-4E80-8E57-5E708908FCB9}"
EndProject
Global
	GlobalSection(SolutionConfigurationPlatforms) = preSolution
		Debug|Any CPU = Debug|Any CPU
		Release|Any CPU = Release|Any CPU
	EndGlobalSection
	GlobalSection(ProjectConfigurationPlatforms) = postSolution
		{AE0F8541-AC67-4E80-8E57-5E708908FCB9}.Debug|Any CPU.ActiveCfg = Debug|Any CPU
		{AE0F8541-AC67-4E80-8E57-5E708908FCB9}.Debug|Any CPU.Build.0 = Debug|Any CPU
		{AE0F8541-AC67-4E80-8E57-5E708908FCB9}.Release|Any CPU.ActiveCfg = Release|Any CPU
		{AE0F8541-AC67-4E80-8E57-5E708908FCB9}.Release|Any CPU.Build.0 = Release|Any CPU
	EndGlobalSection
	GlobalSection(SolutionProperties) = preSolution
		HideSolutionNode = FALSE
	EndGlobalSection
	GlobalSection(ExtensibilityGlobals) = postSolution
		SolutionGuid = {69DCD035-5FB8-47FE-99C0-736A49F184C7}
	EndGlobalSection
EndGlobal
